
Microsoft Visual Studio Solution File, Format Version 12.00
# Visual Studio Version 16
VisualStudioVersion = 16.0.29424.173
MinimumVisualStudioVersion = 10.0.40219.1
Project("{FAE04EC0-301F-11D3-BF4B-00C04F79EFBC}") = "IRF_Project", "IRF_Project\IRF_Project.csproj", "{B90ECB08-155F-4F40-84DB-866B1F7D24D7}"
EndProject
Project("{FAE04EC0-301F-11D3-BF4B-00C04F79EFBC}") = "UnitTest.Test", "UnitTest.Test\UnitTest.Test.csproj", "{2417664D-E1EB-4286-8EA6-8DAC86B210E5}"
EndProject
Global
	GlobalSection(SolutionConfigurationPlatforms) = preSolution
		Debug|Any CPU = Debug|Any CPU
		Release|Any CPU = Release|Any CPU
	EndGlobalSection
	GlobalSection(ProjectConfigurationPlatforms) = postSolution
		{B90ECB08-155F-4F40-84DB-866B1F7D24D7}.Debug|Any CPU.ActiveCfg = Debug|Any CPU
		{B90ECB08-155F-4F40-84DB-866B1F7D24D7}.Debug|Any CPU.Build.0 = Debug|Any CPU
		{B90ECB08-155F-4F40-84DB-866B1F7D24D7}.Release|Any CPU.ActiveCfg = Release|Any CPU
		{B90ECB08-155F-4F40-84DB-866B1F7D24D7}.Release|Any CPU.Build.0 = Release|Any CPU
		{2417664D-E1EB-4286-8EA6-8DAC86B210E5}.Debug|Any CPU.ActiveCfg = Debug|Any CPU
		{2417664D-E1EB-4286-8EA6-8DAC86B210E5}.Debug|Any CPU.Build.0 = Debug|Any CPU
		{2417664D-E1EB-4286-8EA6-8DAC86B210E5}.Release|Any CPU.ActiveCfg = Release|Any CPU
		{2417664D-E1EB-4286-8EA6-8DAC86B210E5}.Release|Any CPU.Build.0 = Release|Any CPU
	EndGlobalSection
	GlobalSection(SolutionProperties) = preSolution
		HideSolutionNode = FALSE
	EndGlobalSection
	GlobalSection(ExtensibilityGlobals) = postSolution
		SolutionGuid = {D3595199-2027-483A-B78C-6C2AD3D1FB1F}
	EndGlobalSection
EndGlobal
